
Microsoft Visual Studio Solution File, Format Version 12.00
# Visual Studio Version 17
VisualStudioVersion = 17.13.35825.156
MinimumVisualStudioVersion = 10.0.40219.1
Project("{FAE04EC0-301F-11D3-BF4B-00C04F79EFBC}") = "lab7", "test\lab7.csproj", "{101FDDA4-EEB4-4BA9-B8C0-49DD36E73DE6}"
EndProject
Project("{FAE04EC0-301F-11D3-BF4B-00C04F79EFBC}") = "MyTests", "MyTests\MyTests.csproj", "{1A1B1C48-2ADF-4536-8C77-17F2388F047F}"
EndProject
Global
	GlobalSection(SolutionConfigurationPlatforms) = preSolution
		Debug|Any CPU = Debug|Any CPU
		Release|Any CPU = Release|Any CPU
	EndGlobalSection
	GlobalSection(ProjectConfigurationPlatforms) = postSolution
		{101FDDA4-EEB4-4BA9-B8C0-49DD36E73DE6}.Debug|Any CPU.ActiveCfg = Debug|Any CPU
		{101FDDA4-EEB4-4BA9-B8C0-49DD36E73DE6}.Debug|Any CPU.Build.0 = Debug|Any CPU
		{101FDDA4-EEB4-4BA9-B8C0-49DD36E73DE6}.Release|Any CPU.ActiveCfg = Release|Any CPU
		{101FDDA4-EEB4-4BA9-B8C0-49DD36E73DE6}.Release|Any CPU.Build.0 = Release|Any CPU
		{1A1B1C48-2ADF-4536-8C77-17F2388F047F}.Debug|Any CPU.ActiveCfg = Debug|Any CPU
		{1A1B1C48-2ADF-4536-8C77-17F2388F047F}.Debug|Any CPU.Build.0 = Debug|Any CPU
		{1A1B1C48-2ADF-4536-8C77-17F2388F047F}.Release|Any CPU.ActiveCfg = Release|Any CPU
		{1A1B1C48-2ADF-4536-8C77-17F2388F047F}.Release|Any CPU.Build.0 = Release|Any CPU
	EndGlobalSection
	GlobalSection(SolutionProperties) = preSolution
		HideSolutionNode = FALSE
	EndGlobalSection
	GlobalSection(ExtensibilityGlobals) = postSolution
		SolutionGuid = {6A8DAF2F-C972-464A-9F58-ECFE887E3234}
	EndGlobalSection
EndGlobal
